
Microsoft Visual Studio Solution File, Format Version 12.00
# Visual Studio Version 17
VisualStudioVersion = 17.3.32901.215
MinimumVisualStudioVersion = 10.0.40219.1
Project("{FAE04EC0-301F-11D3-BF4B-00C04F79EFBC}") = "XYGA", "XYGA\XYGA.csproj", "{6A0586CA-93BF-4D4E-8E5C-B11EB2DEDE27}"
EndProject
Project("{2150E333-8FDC-42A3-9474-1A3956D46DE8}") = "Элементы решения", "Элементы решения", "{6A39C24D-46D7-4181-899B-EB7C1672D0BF}"
	ProjectSection(SolutionItems) = preProject
		XYGA\Reboot.cs = XYGA\Reboot.cs
	EndProjectSection
EndProject
Global
	GlobalSection(SolutionConfigurationPlatforms) = preSolution
		Debug|Any CPU = Debug|Any CPU
		Release|Any CPU = Release|Any CPU
	EndGlobalSection
	GlobalSection(ProjectConfigurationPlatforms) = postSolution
		{6A0586CA-93BF-4D4E-8E5C-B11EB2DEDE27}.Debug|Any CPU.ActiveCfg = Debug|Any CPU
		{6A0586CA-93BF-4D4E-8E5C-B11EB2DEDE27}.Debug|Any CPU.Build.0 = Debug|Any CPU
		{6A0586CA-93BF-4D4E-8E5C-B11EB2DEDE27}.Release|Any CPU.ActiveCfg = Release|Any CPU
		{6A0586CA-93BF-4D4E-8E5C-B11EB2DEDE27}.Release|Any CPU.Build.0 = Release|Any CPU
	EndGlobalSection
	GlobalSection(SolutionProperties) = preSolution
		HideSolutionNode = FALSE
	EndGlobalSection
	GlobalSection(ExtensibilityGlobals) = postSolution
		SolutionGuid = {5891932F-698C-46D4-A3BC-21F87215B65D}
	EndGlobalSection
EndGlobal
